
Microsoft Visual Studio Solution File, Format Version 12.00
# Visual Studio 15
Project("{FAE04EC0-301F-11D3-BF4B-00C04F79EFBC}") = "FollowBlock.Android", "FollowBlock.Android\FollowBlock.Android.csproj", "{306F82A3-51F9-4E9F-AB1B-78799219F3B2}"
EndProject
Project("{FAE04EC0-301F-11D3-BF4B-00C04F79EFBC}") = "FollowBlock.iOS", "FollowBlock.iOS\FollowBlock.iOS.csproj", "{F32B7EDF-E334-42A1-98A8-65BDF0EC3DAB}"
EndProject
Project("{FAE04EC0-301F-11D3-BF4B-00C04F79EFBC}") = "FollowBlock", "FollowBlock\FollowBlock.csproj", "{1931FC97-7122-47BD-B3A6-7740F9F9C6F8}"
EndProject
Global
	GlobalSection(SolutionConfigurationPlatforms) = preSolution
		Debug|Any CPU = Debug|Any CPU
		Release|Any CPU = Release|Any CPU
		Debug|iPhoneSimulator = Debug|iPhoneSimulator
		Release|iPhoneSimulator = Release|iPhoneSimulator
		Debug|iPhone = Debug|iPhone
		Release|iPhone = Release|iPhone
	EndGlobalSection
	GlobalSection(ProjectConfigurationPlatforms) = postSolution
		{306F82A3-51F9-4E9F-AB1B-78799219F3B2}.Debug|Any CPU.ActiveCfg = Debug|Any CPU
		{306F82A3-51F9-4E9F-AB1B-78799219F3B2}.Debug|Any CPU.Build.0 = Debug|Any CPU
		{306F82A3-51F9-4E9F-AB1B-78799219F3B2}.Release|Any CPU.ActiveCfg = Release|Any CPU
		{306F82A3-51F9-4E9F-AB1B-78799219F3B2}.Release|Any CPU.Build.0 = Release|Any CPU
		{306F82A3-51F9-4E9F-AB1B-78799219F3B2}.Debug|iPhoneSimulator.ActiveCfg = Debug|Any CPU
		{306F82A3-51F9-4E9F-AB1B-78799219F3B2}.Debug|iPhoneSimulator.Build.0 = Debug|Any CPU
		{306F82A3-51F9-4E9F-AB1B-78799219F3B2}.Release|iPhoneSimulator.ActiveCfg = Release|Any CPU
		{306F82A3-51F9-4E9F-AB1B-78799219F3B2}.Release|iPhoneSimulator.Build.0 = Release|Any CPU
		{306F82A3-51F9-4E9F-AB1B-78799219F3B2}.Debug|iPhone.ActiveCfg = Debug|Any CPU
		{306F82A3-51F9-4E9F-AB1B-78799219F3B2}.Debug|iPhone.Build.0 = Debug|Any CPU
		{306F82A3-51F9-4E9F-AB1B-78799219F3B2}.Release|iPhone.ActiveCfg = Release|Any CPU
		{306F82A3-51F9-4E9F-AB1B-78799219F3B2}.Release|iPhone.Build.0 = Release|Any CPU
		{F32B7EDF-E334-42A1-98A8-65BDF0EC3DAB}.Debug|Any CPU.ActiveCfg = Debug|iPhoneSimulator
		{F32B7EDF-E334-42A1-98A8-65BDF0EC3DAB}.Debug|Any CPU.Build.0 = Debug|iPhoneSimulator
		{F32B7EDF-E334-42A1-98A8-65BDF0EC3DAB}.Release|Any CPU.ActiveCfg = Release|iPhoneSimulator
		{F32B7EDF-E334-42A1-98A8-65BDF0EC3DAB}.Release|Any CPU.Build.0 = Release|iPhoneSimulator
		{F32B7EDF-E334-42A1-98A8-65BDF0EC3DAB}.Debug|iPhoneSimulator.ActiveCfg = Debug|iPhoneSimulator
		{F32B7EDF-E334-42A1-98A8-65BDF0EC3DAB}.Debug|iPhoneSimulator.Build.0 = Debug|iPhoneSimulator
		{F32B7EDF-E334-42A1-98A8-65BDF0EC3DAB}.Release|iPhoneSimulator.ActiveCfg = Release|iPhoneSimulator
		{F32B7EDF-E334-42A1-98A8-65BDF0EC3DAB}.Release|iPhoneSimulator.Build.0 = Release|iPhoneSimulator
		{F32B7EDF-E334-42A1-98A8-65BDF0EC3DAB}.Debug|iPhone.ActiveCfg = Debug|iPhone
		{F32B7EDF-E334-42A1-98A8-65BDF0EC3DAB}.Debug|iPhone.Build.0 = Debug|iPhone
		{F32B7EDF-E334-42A1-98A8-65BDF0EC3DAB}.Release|iPhone.ActiveCfg = Release|iPhone
		{F32B7EDF-E334-42A1-98A8-65BDF0EC3DAB}.Release|iPhone.Build.0 = Release|iPhone
		{1931FC97-7122-47BD-B3A6-7740F9F9C6F8}.Debug|Any CPU.ActiveCfg = Debug|Any CPU
		{1931FC97-7122-47BD-B3A6-7740F9F9C6F8}.Debug|Any CPU.Build.0 = Debug|Any CPU
		{1931FC97-7122-47BD-B3A6-7740F9F9C6F8}.Release|Any CPU.ActiveCfg = Release|Any CPU
		{1931FC97-7122-47BD-B3A6-7740F9F9C6F8}.Release|Any CPU.Build.0 = Release|Any CPU
		{1931FC97-7122-47BD-B3A6-7740F9F9C6F8}.Debug|iPhoneSimulator.ActiveCfg = Debug|Any CPU
		{1931FC97-7122-47BD-B3A6-7740F9F9C6F8}.Debug|iPhoneSimulator.Build.0 = Debug|Any CPU
		{1931FC97-7122-47BD-B3A6-7740F9F9C6F8}.Release|iPhoneSimulator.ActiveCfg = Release|Any CPU
		{1931FC97-7122-47BD-B3A6-7740F9F9C6F8}.Release|iPhoneSimulator.Build.0 = Release|Any CPU
		{1931FC97-7122-47BD-B3A6-7740F9F9C6F8}.Debug|iPhone.ActiveCfg = Debug|Any CPU
		{1931FC97-7122-47BD-B3A6-7740F9F9C6F8}.Debug|iPhone.Build.0 = Debug|Any CPU
		{1931FC97-7122-47BD-B3A6-7740F9F9C6F8}.Release|iPhone.ActiveCfg = Release|Any CPU
		{1931FC97-7122-47BD-B3A6-7740F9F9C6F8}.Release|iPhone.Build.0 = Release|Any CPU
	EndGlobalSection
EndGlobal
